// !$*UTF8*$!
{
	archiveVersion = 1;
	classes = {
	};
	objectVersion = 46;
	objects = {

/* Begin PBXBuildFile section */
		828DF2DA3B7F4CCFA249FA38 /* libPods.a in Frameworks */ = {isa = PBXBuildFile; fileRef = E28A9A65670B49A5BCA84851 /* libPods.a */; };
		8614B8E7197D440C005BF7A6 /* AppDelegate.swift in Sources */ = {isa = PBXBuildFile; fileRef = 8614B8E6197D440C005BF7A6 /* AppDelegate.swift */; };
		8614B8EA197D440C005BF7A6 /* iContactU.xcdatamodeld in Sources */ = {isa = PBXBuildFile; fileRef = 8614B8E8197D440C005BF7A6 /* iContactU.xcdatamodeld */; };
		8614B8F1197D440C005BF7A6 /* Images.xcassets in Resources */ = {isa = PBXBuildFile; fileRef = 8614B8F0197D440C005BF7A6 /* Images.xcassets */; };
		8614B8FD197D440C005BF7A6 /* ContactUTests.swift in Sources */ = {isa = PBXBuildFile; fileRef = 8614B8FC197D440C005BF7A6 /* ContactUTests.swift */; };
		8614B90E197D4957005BF7A6 /* ToDoItem.swift in Sources */ = {isa = PBXBuildFile; fileRef = 8614B90D197D4957005BF7A6 /* ToDoItem.swift */; };
		8614B910197D4957005BF7A6 /* Contact.swift in Sources */ = {isa = PBXBuildFile; fileRef = 8614B90F197D4957005BF7A6 /* Contact.swift */; };
		8614B91A197D8862005BF7A6 /* ContactsTableViewController.swift in Sources */ = {isa = PBXBuildFile; fileRef = 8614B919197D8862005BF7A6 /* ContactsTableViewController.swift */; };
		8614B91C197D8872005BF7A6 /* ContactCellTableViewCell.swift in Sources */ = {isa = PBXBuildFile; fileRef = 8614B91B197D8871005BF7A6 /* ContactCellTableViewCell.swift */; };
		8614B91E197D8CE8005BF7A6 /* AddItemViewController.swift in Sources */ = {isa = PBXBuildFile; fileRef = 8614B91D197D8CE8005BF7A6 /* AddItemViewController.swift */; };
		8614B920197D923D005BF7A6 /* ListTableViewCell.swift in Sources */ = {isa = PBXBuildFile; fileRef = 8614B91F197D923D005BF7A6 /* ListTableViewCell.swift */; };
		8614B922197D9245005BF7A6 /* ListTableViewController.swift in Sources */ = {isa = PBXBuildFile; fileRef = 8614B921197D9245005BF7A6 /* ListTableViewController.swift */; };
		DF07583819BF44A80005AEA6 /* BreezeStore+Defaults.swift in Sources */ = {isa = PBXBuildFile; fileRef = DF07582F19BF44A80005AEA6 /* BreezeStore+Defaults.swift */; };
		DF07583919BF44A80005AEA6 /* BreezeStore+iCloud.swift in Sources */ = {isa = PBXBuildFile; fileRef = DF07583019BF44A80005AEA6 /* BreezeStore+iCloud.swift */; };
		DF07583A19BF44A80005AEA6 /* BreezeStore+Saving.swift in Sources */ = {isa = PBXBuildFile; fileRef = DF07583119BF44A80005AEA6 /* BreezeStore+Saving.swift */; };
		DF07583B19BF44A80005AEA6 /* BreezeStore.swift in Sources */ = {isa = PBXBuildFile; fileRef = DF07583219BF44A80005AEA6 /* BreezeStore.swift */; };
		DF07583C19BF44A80005AEA6 /* Info.plist in Resources */ = {isa = PBXBuildFile; fileRef = DF07583319BF44A80005AEA6 /* Info.plist */; };
		DF07583D19BF44A80005AEA6 /* NSManagedObject+Creating.swift in Sources */ = {isa = PBXBuildFile; fileRef = DF07583419BF44A80005AEA6 /* NSManagedObject+Creating.swift */; };
		DF07583E19BF44A80005AEA6 /* NSManagedObject+Deleting.swift in Sources */ = {isa = PBXBuildFile; fileRef = DF07583519BF44A80005AEA6 /* NSManagedObject+Deleting.swift */; };
		DF07583F19BF44A80005AEA6 /* NSManagedObject+Finding.swift in Sources */ = {isa = PBXBuildFile; fileRef = DF07583619BF44A80005AEA6 /* NSManagedObject+Finding.swift */; };
		DF07584019BF44A80005AEA6 /* NSManagedObjectContext+Breeze.swift in Sources */ = {isa = PBXBuildFile; fileRef = DF07583719BF44A80005AEA6 /* NSManagedObjectContext+Breeze.swift */; };
		DFD52CD619CA36C4004A8DD1 /* LaunchScreen.storyboard in Resources */ = {isa = PBXBuildFile; fileRef = DFD52CD519CA36C4004A8DD1 /* LaunchScreen.storyboard */; };
		DFFF1C5019CAEC9100CDAF50 /* Storyboard.storyboard in Resources */ = {isa = PBXBuildFile; fileRef = DFFF1C5219CAEC9100CDAF50 /* Storyboard.storyboard */; };
		DFFF1C5319CAECAA00CDAF50 /* Localizable.strings in Resources */ = {isa = PBXBuildFile; fileRef = DFFF1C5519CAECAA00CDAF50 /* Localizable.strings */; };
/* End PBXBuildFile section */

/* Begin PBXContainerItemProxy section */
		8614B8F7197D440C005BF7A6 /* PBXContainerItemProxy */ = {
			isa = PBXContainerItemProxy;
			containerPortal = 8614B8D9197D440C005BF7A6 /* Project object */;
			proxyType = 1;
			remoteGlobalIDString = 8614B8E0197D440C005BF7A6;
			remoteInfo = ContactU;
		};
/* End PBXContainerItemProxy section */

/* Begin PBXFileReference section */
		2E50715E8EB446C49338A608 /* Pods.xcconfig */ = {isa = PBXFileReference; includeInIndex = 1; lastKnownFileType = text.xcconfig; name = Pods.xcconfig; path = Pods/Pods.xcconfig; sourceTree = "<group>"; };
		8614B8E1197D440C005BF7A6 /* iContactU.app */ = {isa = PBXFileReference; explicitFileType = wrapper.application; includeInIndex = 0; path = iContactU.app; sourceTree = BUILT_PRODUCTS_DIR; };
		8614B8E5197D440C005BF7A6 /* Info.plist */ = {isa = PBXFileReference; lastKnownFileType = text.plist.xml; path = Info.plist; sourceTree = "<group>"; };
		8614B8E6197D440C005BF7A6 /* AppDelegate.swift */ = {isa = PBXFileReference; lastKnownFileType = sourcecode.swift; path = AppDelegate.swift; sourceTree = "<group>"; };
		8614B8E9197D440C005BF7A6 /* iContactU.xcdatamodel */ = {isa = PBXFileReference; lastKnownFileType = wrapper.xcdatamodel; path = iContactU.xcdatamodel; sourceTree = "<group>"; };
		8614B8F0197D440C005BF7A6 /* Images.xcassets */ = {isa = PBXFileReference; lastKnownFileType = folder.assetcatalog; path = Images.xcassets; sourceTree = "<group>"; };
		8614B8F6197D440C005BF7A6 /* iContactUTests.xctest */ = {isa = PBXFileReference; explicitFileType = wrapper.cfbundle; includeInIndex = 0; path = iContactUTests.xctest; sourceTree = BUILT_PRODUCTS_DIR; };
		8614B8FB197D440C005BF7A6 /* Info.plist */ = {isa = PBXFileReference; lastKnownFileType = text.plist.xml; path = Info.plist; sourceTree = "<group>"; };
		8614B8FC197D440C005BF7A6 /* ContactUTests.swift */ = {isa = PBXFileReference; lastKnownFileType = sourcecode.swift; path = ContactUTests.swift; sourceTree = "<group>"; };
		8614B90C197D4956005BF7A6 /* iContactU-Bridging-Header.h */ = {isa = PBXFileReference; lastKnownFileType = sourcecode.c.h; path = "iContactU-Bridging-Header.h"; sourceTree = "<group>"; };
		8614B90D197D4957005BF7A6 /* ToDoItem.swift */ = {isa = PBXFileReference; fileEncoding = 4; lastKnownFileType = sourcecode.swift; path = ToDoItem.swift; sourceTree = "<group>"; };
		8614B90F197D4957005BF7A6 /* Contact.swift */ = {isa = PBXFileReference; fileEncoding = 4; lastKnownFileType = sourcecode.swift; path = Contact.swift; sourceTree = "<group>"; };
		8614B919197D8862005BF7A6 /* ContactsTableViewController.swift */ = {isa = PBXFileReference; fileEncoding = 4; lastKnownFileType = sourcecode.swift; path = ContactsTableViewController.swift; sourceTree = "<group>"; };
		8614B91B197D8871005BF7A6 /* ContactCellTableViewCell.swift */ = {isa = PBXFileReference; fileEncoding = 4; lastKnownFileType = sourcecode.swift; path = ContactCellTableViewCell.swift; sourceTree = "<group>"; };
		8614B91D197D8CE8005BF7A6 /* AddItemViewController.swift */ = {isa = PBXFileReference; fileEncoding = 4; lastKnownFileType = sourcecode.swift; path = AddItemViewController.swift; sourceTree = "<group>"; };
		8614B91F197D923D005BF7A6 /* ListTableViewCell.swift */ = {isa = PBXFileReference; fileEncoding = 4; lastKnownFileType = sourcecode.swift; path = ListTableViewCell.swift; sourceTree = "<group>"; };
		8614B921197D9245005BF7A6 /* ListTableViewController.swift */ = {isa = PBXFileReference; fileEncoding = 4; lastKnownFileType = sourcecode.swift; path = ListTableViewController.swift; sourceTree = "<group>"; };
		DF07582E19BF44A80005AEA6 /* Breeze.h */ = {isa = PBXFileReference; fileEncoding = 4; lastKnownFileType = sourcecode.c.h; path = Breeze.h; sourceTree = "<group>"; };
		DF07582F19BF44A80005AEA6 /* BreezeStore+Defaults.swift */ = {isa = PBXFileReference; fileEncoding = 4; lastKnownFileType = sourcecode.swift; path = "BreezeStore+Defaults.swift"; sourceTree = "<group>"; };
		DF07583019BF44A80005AEA6 /* BreezeStore+iCloud.swift */ = {isa = PBXFileReference; fileEncoding = 4; lastKnownFileType = sourcecode.swift; path = "BreezeStore+iCloud.swift"; sourceTree = "<group>"; };
		DF07583119BF44A80005AEA6 /* BreezeStore+Saving.swift */ = {isa = PBXFileReference; fileEncoding = 4; lastKnownFileType = sourcecode.swift; path = "BreezeStore+Saving.swift"; sourceTree = "<group>"; };
		DF07583219BF44A80005AEA6 /* BreezeStore.swift */ = {isa = PBXFileReference; fileEncoding = 4; lastKnownFileType = sourcecode.swift; path = BreezeStore.swift; sourceTree = "<group>"; };
		DF07583319BF44A80005AEA6 /* Info.plist */ = {isa = PBXFileReference; fileEncoding = 4; lastKnownFileType = text.plist.xml; path = Info.plist; sourceTree = "<group>"; };
		DF07583419BF44A80005AEA6 /* NSManagedObject+Creating.swift */ = {isa = PBXFileReference; fileEncoding = 4; lastKnownFileType = sourcecode.swift; path = "NSManagedObject+Creating.swift"; sourceTree = "<group>"; };
		DF07583519BF44A80005AEA6 /* NSManagedObject+Deleting.swift */ = {isa = PBXFileReference; fileEncoding = 4; lastKnownFileType = sourcecode.swift; path = "NSManagedObject+Deleting.swift"; sourceTree = "<group>"; };
		DF07583619BF44A80005AEA6 /* NSManagedObject+Finding.swift */ = {isa = PBXFileReference; fileEncoding = 4; lastKnownFileType = sourcecode.swift; path = "NSManagedObject+Finding.swift"; sourceTree = "<group>"; };
		DF07583719BF44A80005AEA6 /* NSManagedObjectContext+Breeze.swift */ = {isa = PBXFileReference; fileEncoding = 4; lastKnownFileType = sourcecode.swift; path = "NSManagedObjectContext+Breeze.swift"; sourceTree = "<group>"; };
		DFD52CD519CA36C4004A8DD1 /* LaunchScreen.storyboard */ = {isa = PBXFileReference; fileEncoding = 4; lastKnownFileType = file.storyboard; path = LaunchScreen.storyboard; sourceTree = "<group>"; };
		DFFF1C5419CAECAA00CDAF50 /* en */ = {isa = PBXFileReference; lastKnownFileType = text.plist.strings; name = en; path = en.lproj/Localizable.strings; sourceTree = "<group>"; };
		DFFF1C5619CAECCC00CDAF50 /* Base */ = {isa = PBXFileReference; lastKnownFileType = file.storyboard; name = Base; path = Base.lproj/Storyboard.storyboard; sourceTree = "<group>"; };
		DFFF1C5A19CAEDB200CDAF50 /* it */ = {isa = PBXFileReference; lastKnownFileType = text.plist.strings; name = it; path = it.lproj/Localizable.strings; sourceTree = "<group>"; };
		DFFF1C5E19CAF10500CDAF50 /* en */ = {isa = PBXFileReference; lastKnownFileType = text.plist.strings; name = en; path = en.lproj/Storyboard.strings; sourceTree = "<group>"; };
		DFFF1C6019CAF11F00CDAF50 /* it */ = {isa = PBXFileReference; lastKnownFileType = text.plist.strings; name = it; path = it.lproj/Storyboard.strings; sourceTree = "<group>"; };
		E28A9A65670B49A5BCA84851 /* libPods.a */ = {isa = PBXFileReference; explicitFileType = archive.ar; includeInIndex = 0; path = libPods.a; sourceTree = BUILT_PRODUCTS_DIR; };
/* End PBXFileReference section */

/* Begin PBXFrameworksBuildPhase section */
		8614B8DE197D440C005BF7A6 /* Frameworks */ = {
			isa = PBXFrameworksBuildPhase;
			buildActionMask = 2147483647;
			files = (
				828DF2DA3B7F4CCFA249FA38 /* libPods.a in Frameworks */,
			);
			runOnlyForDeploymentPostprocessing = 0;
		};
		8614B8F3197D440C005BF7A6 /* Frameworks */ = {
			isa = PBXFrameworksBuildPhase;
			buildActionMask = 2147483647;
			files = (
			);
			runOnlyForDeploymentPostprocessing = 0;
		};
/* End PBXFrameworksBuildPhase section */

/* Begin PBXGroup section */
		72081F0632FA4C90B70F0191 /* Frameworks */ = {
			isa = PBXGroup;
			children = (
				E28A9A65670B49A5BCA84851 /* libPods.a */,
			);
			name = Frameworks;
			sourceTree = "<group>";
		};
		8614B8D8197D440C005BF7A6 = {
			isa = PBXGroup;
			children = (
				DF07582D19BF44A80005AEA6 /* breeze */,
				8614B8E3197D440C005BF7A6 /* iContactU */,
				8614B8F9197D440C005BF7A6 /* ContactUTests */,
				8614B8E2197D440C005BF7A6 /* Products */,
				2E50715E8EB446C49338A608 /* Pods.xcconfig */,
				72081F0632FA4C90B70F0191 /* Frameworks */,
			);
			sourceTree = "<group>";
		};
		8614B8E2197D440C005BF7A6 /* Products */ = {
			isa = PBXGroup;
			children = (
				8614B8E1197D440C005BF7A6 /* iContactU.app */,
				8614B8F6197D440C005BF7A6 /* iContactUTests.xctest */,
			);
			name = Products;
			sourceTree = "<group>";
		};
		8614B8E3197D440C005BF7A6 /* iContactU */ = {
			isa = PBXGroup;
			children = (
				8614B8E6197D440C005BF7A6 /* AppDelegate.swift */,
				8614B921197D9245005BF7A6 /* ListTableViewController.swift */,
				8614B91F197D923D005BF7A6 /* ListTableViewCell.swift */,
				8614B91D197D8CE8005BF7A6 /* AddItemViewController.swift */,
				8614B919197D8862005BF7A6 /* ContactsTableViewController.swift */,
				8614B91B197D8871005BF7A6 /* ContactCellTableViewCell.swift */,
				DFFF1C5219CAEC9100CDAF50 /* Storyboard.storyboard */,
				DFFF1C5519CAECAA00CDAF50 /* Localizable.strings */,
				DFD52CD519CA36C4004A8DD1 /* LaunchScreen.storyboard */,
				8614B8F0197D440C005BF7A6 /* Images.xcassets */,
				8614B913197D49F1005BF7A6 /* DataModel */,
				8614B8E4197D440C005BF7A6 /* Supporting Files */,
				8614B90C197D4956005BF7A6 /* iContactU-Bridging-Header.h */,
			);
			path = iContactU;
			sourceTree = "<group>";
		};
		8614B8E4197D440C005BF7A6 /* Supporting Files */ = {
			isa = PBXGroup;
			children = (
				8614B8E5197D440C005BF7A6 /* Info.plist */,
			);
			name = "Supporting Files";
			sourceTree = "<group>";
		};
		8614B8F9197D440C005BF7A6 /* ContactUTests */ = {
			isa = PBXGroup;
			children = (
				8614B8FC197D440C005BF7A6 /* ContactUTests.swift */,
				8614B8FA197D440C005BF7A6 /* Supporting Files */,
			);
			name = ContactUTests;
			path = iContactUTests;
			sourceTree = "<group>";
		};
		8614B8FA197D440C005BF7A6 /* Supporting Files */ = {
			isa = PBXGroup;
			children = (
				8614B8FB197D440C005BF7A6 /* Info.plist */,
			);
			name = "Supporting Files";
			sourceTree = "<group>";
		};
		8614B913197D49F1005BF7A6 /* DataModel */ = {
			isa = PBXGroup;
			children = (
				8614B8E8197D440C005BF7A6 /* iContactU.xcdatamodeld */,
				8614B90F197D4957005BF7A6 /* Contact.swift */,
				8614B90D197D4957005BF7A6 /* ToDoItem.swift */,
			);
			name = DataModel;
			sourceTree = "<group>";
		};
		DF07582D19BF44A80005AEA6 /* breeze */ = {
			isa = PBXGroup;
			children = (
				DF07582E19BF44A80005AEA6 /* Breeze.h */,
				DF07582F19BF44A80005AEA6 /* BreezeStore+Defaults.swift */,
				DF07583019BF44A80005AEA6 /* BreezeStore+iCloud.swift */,
				DF07583119BF44A80005AEA6 /* BreezeStore+Saving.swift */,
				DF07583219BF44A80005AEA6 /* BreezeStore.swift */,
				DF07583319BF44A80005AEA6 /* Info.plist */,
				DF07583419BF44A80005AEA6 /* NSManagedObject+Creating.swift */,
				DF07583519BF44A80005AEA6 /* NSManagedObject+Deleting.swift */,
				DF07583619BF44A80005AEA6 /* NSManagedObject+Finding.swift */,
				DF07583719BF44A80005AEA6 /* NSManagedObjectContext+Breeze.swift */,
			);
			name = breeze;
			path = ../_LIBS/Breeze/Breeze;
			sourceTree = "<group>";
		};
/* End PBXGroup section */

/* Begin PBXNativeTarget section */
		8614B8E0197D440C005BF7A6 /* iContactU */ = {
			isa = PBXNativeTarget;
			buildConfigurationList = 8614B900197D440C005BF7A6 /* Build configuration list for PBXNativeTarget "iContactU" */;
			buildPhases = (
				6E0BA056D26C47FEBBFBDBA2 /* Check Pods Manifest.lock */,
				8614B8DD197D440C005BF7A6 /* Sources */,
				8614B8DE197D440C005BF7A6 /* Frameworks */,
				8614B8DF197D440C005BF7A6 /* Resources */,
				4D81B1F40DEE4A489322750B /* Copy Pods Resources */,
			);
			buildRules = (
			);
			dependencies = (
			);
			name = iContactU;
			productName = ContactU;
			productReference = 8614B8E1197D440C005BF7A6 /* iContactU.app */;
			productType = "com.apple.product-type.application";
		};
		8614B8F5197D440C005BF7A6 /* iContactUTests */ = {
			isa = PBXNativeTarget;
			buildConfigurationList = 8614B903197D440C005BF7A6 /* Build configuration list for PBXNativeTarget "iContactUTests" */;
			buildPhases = (
				8614B8F2197D440C005BF7A6 /* Sources */,
				8614B8F3197D440C005BF7A6 /* Frameworks */,
				8614B8F4197D440C005BF7A6 /* Resources */,
			);
			buildRules = (
			);
			dependencies = (
				8614B8F8197D440C005BF7A6 /* PBXTargetDependency */,
			);
			name = iContactUTests;
			productName = ContactUTests;
			productReference = 8614B8F6197D440C005BF7A6 /* iContactUTests.xctest */;
			productType = "com.apple.product-type.bundle.unit-test";
		};
/* End PBXNativeTarget section */

/* Begin PBXProject section */
		8614B8D9197D440C005BF7A6 /* Project object */ = {
			isa = PBXProject;
			attributes = {
				LastUpgradeCheck = 0600;
				ORGANIZATIONNAME = Training;
				TargetAttributes = {
					8614B8E0197D440C005BF7A6 = {
						CreatedOnToolsVersion = 6.0;
						DevelopmentTeam = U9MM9QBAQQ;
					};
					8614B8F5197D440C005BF7A6 = {
						CreatedOnToolsVersion = 6.0;
						TestTargetID = 8614B8E0197D440C005BF7A6;
					};
				};
			};
			buildConfigurationList = 8614B8DC197D440C005BF7A6 /* Build configuration list for PBXProject "iContactU" */;
			compatibilityVersion = "Xcode 3.2";
			developmentRegion = English;
			hasScannedForEncodings = 0;
			knownRegions = (
				en,
				Base,
				it,
			);
			mainGroup = 8614B8D8197D440C005BF7A6;
			productRefGroup = 8614B8E2197D440C005BF7A6 /* Products */;
			projectDirPath = "";
			projectRoot = "";
			targets = (
				8614B8E0197D440C005BF7A6 /* iContactU */,
				8614B8F5197D440C005BF7A6 /* iContactUTests */,
			);
		};
/* End PBXProject section */

/* Begin PBXResourcesBuildPhase section */
		8614B8DF197D440C005BF7A6 /* Resources */ = {
			isa = PBXResourcesBuildPhase;
			buildActionMask = 2147483647;
			files = (
				DFFF1C5319CAECAA00CDAF50 /* Localizable.strings in Resources */,
				8614B8F1197D440C005BF7A6 /* Images.xcassets in Resources */,
				DFFF1C5019CAEC9100CDAF50 /* Storyboard.storyboard in Resources */,
				DFD52CD619CA36C4004A8DD1 /* LaunchScreen.storyboard in Resources */,
				DF07583C19BF44A80005AEA6 /* Info.plist in Resources */,
			);
			runOnlyForDeploymentPostprocessing = 0;
		};
		8614B8F4197D440C005BF7A6 /* Resources */ = {
			isa = PBXResourcesBuildPhase;
			buildActionMask = 2147483647;
			files = (
			);
			runOnlyForDeploymentPostprocessing = 0;
		};
/* End PBXResourcesBuildPhase section */

/* Begin PBXShellScriptBuildPhase section */
		4D81B1F40DEE4A489322750B /* Copy Pods Resources */ = {
			isa = PBXShellScriptBuildPhase;
			buildActionMask = 2147483647;
			files = (
			);
			inputPaths = (
			);
			name = "Copy Pods Resources";
			outputPaths = (
			);
			runOnlyForDeploymentPostprocessing = 0;
			shellPath = /bin/sh;
			shellScript = "\"${SRCROOT}/Pods/Pods-resources.sh\"\n";
			showEnvVarsInLog = 0;
		};
		6E0BA056D26C47FEBBFBDBA2 /* Check Pods Manifest.lock */ = {
			isa = PBXShellScriptBuildPhase;
			buildActionMask = 2147483647;
			files = (
			);
			inputPaths = (
			);
			name = "Check Pods Manifest.lock";
			outputPaths = (
			);
			runOnlyForDeploymentPostprocessing = 0;
			shellPath = /bin/sh;
			shellScript = "diff \"${PODS_ROOT}/../Podfile.lock\" \"${PODS_ROOT}/Manifest.lock\" > /dev/null\nif [[ $? != 0 ]] ; then\n    cat << EOM\nerror: The sandbox is not in sync with the Podfile.lock. Run 'pod install' or update your CocoaPods installation.\nEOM\n    exit 1\nfi\n";
			showEnvVarsInLog = 0;
		};
/* End PBXShellScriptBuildPhase section */

/* Begin PBXSourcesBuildPhase section */
		8614B8DD197D440C005BF7A6 /* Sources */ = {
			isa = PBXSourcesBuildPhase;
			buildActionMask = 2147483647;
			files = (
				8614B91C197D8872005BF7A6 /* ContactCellTableViewCell.swift in Sources */,
				8614B8EA197D440C005BF7A6 /* iContactU.xcdatamodeld in Sources */,
				DF07583B19BF44A80005AEA6 /* BreezeStore.swift in Sources */,
				8614B910197D4957005BF7A6 /* Contact.swift in Sources */,
				DF07583D19BF44A80005AEA6 /* NSManagedObject+Creating.swift in Sources */,
				8614B91E197D8CE8005BF7A6 /* AddItemViewController.swift in Sources */,
				DF07583919BF44A80005AEA6 /* BreezeStore+iCloud.swift in Sources */,
				8614B90E197D4957005BF7A6 /* ToDoItem.swift in Sources */,
				8614B8E7197D440C005BF7A6 /* AppDelegate.swift in Sources */,
				DF07584019BF44A80005AEA6 /* NSManagedObjectContext+Breeze.swift in Sources */,
				8614B922197D9245005BF7A6 /* ListTableViewController.swift in Sources */,
				DF07583A19BF44A80005AEA6 /* BreezeStore+Saving.swift in Sources */,
				8614B91A197D8862005BF7A6 /* ContactsTableViewController.swift in Sources */,
				DF07583E19BF44A80005AEA6 /* NSManagedObject+Deleting.swift in Sources */,
				DF07583819BF44A80005AEA6 /* BreezeStore+Defaults.swift in Sources */,
				8614B920197D923D005BF7A6 /* ListTableViewCell.swift in Sources */,
				DF07583F19BF44A80005AEA6 /* NSManagedObject+Finding.swift in Sources */,
			);
			runOnlyForDeploymentPostprocessing = 0;
		};
		8614B8F2197D440C005BF7A6 /* Sources */ = {
			isa = PBXSourcesBuildPhase;
			buildActionMask = 2147483647;
			files = (
				8614B8FD197D440C005BF7A6 /* ContactUTests.swift in Sources */,
			);
			runOnlyForDeploymentPostprocessing = 0;
		};
/* End PBXSourcesBuildPhase section */

/* Begin PBXTargetDependency section */
		8614B8F8197D440C005BF7A6 /* PBXTargetDependency */ = {
			isa = PBXTargetDependency;
			target = 8614B8E0197D440C005BF7A6 /* iContactU */;
			targetProxy = 8614B8F7197D440C005BF7A6 /* PBXContainerItemProxy */;
		};
/* End PBXTargetDependency section */

/* Begin PBXVariantGroup section */
		DFFF1C5219CAEC9100CDAF50 /* Storyboard.storyboard */ = {
			isa = PBXVariantGroup;
			children = (
				DFFF1C5619CAECCC00CDAF50 /* Base */,
				DFFF1C5E19CAF10500CDAF50 /* en */,
				DFFF1C6019CAF11F00CDAF50 /* it */,
			);
			name = Storyboard.storyboard;
			sourceTree = "<group>";
		};
		DFFF1C5519CAECAA00CDAF50 /* Localizable.strings */ = {
			isa = PBXVariantGroup;
			children = (
				DFFF1C5419CAECAA00CDAF50 /* en */,
				DFFF1C5A19CAEDB200CDAF50 /* it */,
			);
			name = Localizable.strings;
			sourceTree = "<group>";
		};
/* End PBXVariantGroup section */

/* Begin XCBuildConfiguration section */
		8614B8FE197D440C005BF7A6 /* Debug */ = {
			isa = XCBuildConfiguration;
			buildSettings = {
				ALWAYS_SEARCH_USER_PATHS = NO;
				CLANG_CXX_LANGUAGE_STANDARD = "gnu++0x";
				CLANG_CXX_LIBRARY = "libc++";
				CLANG_ENABLE_MODULES = YES;
				CLANG_ENABLE_OBJC_ARC = YES;
				CLANG_WARN_BOOL_CONVERSION = YES;
				CLANG_WARN_CONSTANT_CONVERSION = YES;
				CLANG_WARN_DIRECT_OBJC_ISA_USAGE = YES_ERROR;
				CLANG_WARN_EMPTY_BODY = YES;
				CLANG_WARN_ENUM_CONVERSION = YES;
				CLANG_WARN_INT_CONVERSION = YES;
				CLANG_WARN_OBJC_ROOT_CLASS = YES_ERROR;
				CLANG_WARN_UNREACHABLE_CODE = YES;
				CLANG_WARN__DUPLICATE_METHOD_MATCH = YES;
				"CODE_SIGN_IDENTITY[sdk=iphoneos*]" = "iPhone Developer";
				COPY_PHASE_STRIP = NO;
				ENABLE_STRICT_OBJC_MSGSEND = YES;
				GCC_C_LANGUAGE_STANDARD = gnu99;
				GCC_DYNAMIC_NO_PIC = NO;
				GCC_OPTIMIZATION_LEVEL = 0;
				GCC_PREPROCESSOR_DEFINITIONS = (
					"DEBUG=1",
					"$(inherited)",
				);
				GCC_SYMBOLS_PRIVATE_EXTERN = NO;
				GCC_WARN_64_TO_32_BIT_CONVERSION = YES;
				GCC_WARN_ABOUT_RETURN_TYPE = YES_ERROR;
				GCC_WARN_UNDECLARED_SELECTOR = YES;
				GCC_WARN_UNINITIALIZED_AUTOS = YES_AGGRESSIVE;
				GCC_WARN_UNUSED_FUNCTION = YES;
				GCC_WARN_UNUSED_VARIABLE = YES;
				IPHONEOS_DEPLOYMENT_TARGET = 8.0;
				MTL_ENABLE_DEBUG_INFO = YES;
				ONLY_ACTIVE_ARCH = YES;
				SDKROOT = iphoneos;
				SWIFT_OPTIMIZATION_LEVEL = "-Onone";
			};
			name = Debug;
		};
		8614B8FF197D440C005BF7A6 /* Release */ = {
			isa = XCBuildConfiguration;
			buildSettings = {
				ALWAYS_SEARCH_USER_PATHS = NO;
				CLANG_CXX_LANGUAGE_STANDARD = "gnu++0x";
				CLANG_CXX_LIBRARY = "libc++";
				CLANG_ENABLE_MODULES = YES;
				CLANG_ENABLE_OBJC_ARC = YES;
				CLANG_WARN_BOOL_CONVERSION = YES;
				CLANG_WARN_CONSTANT_CONVERSION = YES;
				CLANG_WARN_DIRECT_OBJC_ISA_USAGE = YES_ERROR;
				CLANG_WARN_EMPTY_BODY = YES;
				CLANG_WARN_ENUM_CONVERSION = YES;
				CLANG_WARN_INT_CONVERSION = YES;
				CLANG_WARN_OBJC_ROOT_CLASS = YES_ERROR;
				CLANG_WARN_UNREACHABLE_CODE = YES;
				CLANG_WARN__DUPLICATE_METHOD_MATCH = YES;
				"CODE_SIGN_IDENTITY[sdk=iphoneos*]" = "iPhone Developer";
				COPY_PHASE_STRIP = YES;
				ENABLE_NS_ASSERTIONS = NO;
				ENABLE_STRICT_OBJC_MSGSEND = YES;
				GCC_C_LANGUAGE_STANDARD = gnu99;
				GCC_WARN_64_TO_32_BIT_CONVERSION = YES;
				GCC_WARN_ABOUT_RETURN_TYPE = YES_ERROR;
				GCC_WARN_UNDECLARED_SELECTOR = YES;
				GCC_WARN_UNINITIALIZED_AUTOS = YES_AGGRESSIVE;
				GCC_WARN_UNUSED_FUNCTION = YES;
				GCC_WARN_UNUSED_VARIABLE = YES;
				IPHONEOS_DEPLOYMENT_TARGET = 8.0;
				MTL_ENABLE_DEBUG_INFO = NO;
				SDKROOT = iphoneos;
				VALIDATE_PRODUCT = YES;
			};
			name = Release;
		};
		8614B901197D440C005BF7A6 /* Debug */ = {
			isa = XCBuildConfiguration;
			baseConfigurationReference = 2E50715E8EB446C49338A608 /* Pods.xcconfig */;
			buildSettings = {
				ASSETCATALOG_COMPILER_APPICON_NAME = AppIcon;
				ASSETCATALOG_COMPILER_LAUNCHIMAGE_NAME = LaunchImage;
				CLANG_ENABLE_MODULES = YES;
				CODE_SIGN_IDENTITY = "iPhone Developer";
				"CODE_SIGN_IDENTITY[sdk=iphoneos*]" = "iPhone Developer";
				INFOPLIST_FILE = iContactU/Info.plist;
				IPHONEOS_DEPLOYMENT_TARGET = 7.0;
				LD_RUNPATH_SEARCH_PATHS = "$(inherited) @executable_path/Frameworks";
				PRODUCT_NAME = iContactU;
				PROVISIONING_PROFILE = "";
				SWIFT_OBJC_BRIDGING_HEADER = "iContactU/iContactU-Bridging-Header.h";
				SWIFT_OPTIMIZATION_LEVEL = "-Onone";
			};
			name = Debug;
		};
		8614B902197D440C005BF7A6 /* Release */ = {
			isa = XCBuildConfiguration;
			baseConfigurationReference = 2E50715E8EB446C49338A608 /* Pods.xcconfig */;
			buildSettings = {
				ASSETCATALOG_COMPILER_APPICON_NAME = AppIcon;
				ASSETCATALOG_COMPILER_LAUNCHIMAGE_NAME = LaunchImage;
				CLANG_ENABLE_MODULES = YES;
				CODE_SIGN_IDENTITY = "iPhone Developer";
				"CODE_SIGN_IDENTITY[sdk=iphoneos*]" = "iPhone Developer";
				INFOPLIST_FILE = iContactU/Info.plist;
				IPHONEOS_DEPLOYMENT_TARGET = 7.0;
				LD_RUNPATH_SEARCH_PATHS = "$(inherited) @executable_path/Frameworks";
				PRODUCT_NAME = iContactU;
				PROVISIONING_PROFILE = "";
				SWIFT_OBJC_BRIDGING_HEADER = "iContactU/iContactU-Bridging-Header.h";
			};
			name = Release;
		};
		8614B904197D440C005BF7A6 /* Debug */ = {
			isa = XCBuildConfiguration;
			buildSettings = {
				BUNDLE_LOADER = "$(BUILT_PRODUCTS_DIR)/ContactU.app/ContactU";
				FRAMEWORK_SEARCH_PATHS = (
					"$(SDKROOT)/Developer/Library/Frameworks",
					"$(inherited)",
				);
				GCC_PREPROCESSOR_DEFINITIONS = (
					"DEBUG=1",
					"$(inherited)",
				);
				INFOPLIST_FILE = ContactUTests/Info.plist;
				LD_RUNPATH_SEARCH_PATHS = "$(inherited) @executable_path/Frameworks @loader_path/Frameworks";
				PRODUCT_NAME = iContactUTests;
				TEST_HOST = "$(BUNDLE_LOADER)";
			};
			name = Debug;
		};
		8614B905197D440C005BF7A6 /* Release */ = {
			isa = XCBuildConfiguration;
			buildSettings = {
				BUNDLE_LOADER = "$(BUILT_PRODUCTS_DIR)/ContactU.app/ContactU";
				FRAMEWORK_SEARCH_PATHS = (
					"$(SDKROOT)/Developer/Library/Frameworks",
					"$(inherited)",
				);
				INFOPLIST_FILE = ContactUTests/Info.plist;
				LD_RUNPATH_SEARCH_PATHS = "$(inherited) @executable_path/Frameworks @loader_path/Frameworks";
				PRODUCT_NAME = iContactUTests;
				TEST_HOST = "$(BUNDLE_LOADER)";
			};
			name = Release;
		};
/* End XCBuildConfiguration section */

/* Begin XCConfigurationList section */
		8614B8DC197D440C005BF7A6 /* Build configuration list for PBXProject "iContactU" */ = {
			isa = XCConfigurationList;
			buildConfigurations = (
				8614B8FE197D440C005BF7A6 /* Debug */,
				8614B8FF197D440C005BF7A6 /* Release */,
			);
			defaultConfigurationIsVisible = 0;
			defaultConfigurationName = Release;
		};
		8614B900197D440C005BF7A6 /* Build configuration list for PBXNativeTarget "iContactU" */ = {
			isa = XCConfigurationList;
			buildConfigurations = (
				8614B901197D440C005BF7A6 /* Debug */,
				8614B902197D440C005BF7A6 /* Release */,
			);
			defaultConfigurationIsVisible = 0;
			defaultConfigurationName = Release;
		};
		8614B903197D440C005BF7A6 /* Build configuration list for PBXNativeTarget "iContactUTests" */ = {
			isa = XCConfigurationList;
			buildConfigurations = (
				8614B904197D440C005BF7A6 /* Debug */,
				8614B905197D440C005BF7A6 /* Release */,
			);
			defaultConfigurationIsVisible = 0;
			defaultConfigurationName = Release;
		};
/* End XCConfigurationList section */

/* Begin XCVersionGroup section */
		8614B8E8197D440C005BF7A6 /* iContactU.xcdatamodeld */ = {
			isa = XCVersionGroup;
			children = (
				8614B8E9197D440C005BF7A6 /* iContactU.xcdatamodel */,
			);
			currentVersion = 8614B8E9197D440C005BF7A6 /* iContactU.xcdatamodel */;
			path = iContactU.xcdatamodeld;
			sourceTree = "<group>";
			versionGroupType = wrapper.xcdatamodel;
		};
/* End XCVersionGroup section */
	};
	rootObject = 8614B8D9197D440C005BF7A6 /* Project object */;
}
